// !$*UTF8*$!
{
	archiveVersion = 1;
	classes = {
	};
	objectVersion = 46;
	objects = {

/* Begin PBXBuildFile section */
		4CD5D5DF1FBDAB98007DF035 /* AppDelegate.swift in Sources */ = {isa = PBXBuildFile; fileRef = 4CD5D5DE1FBDAB98007DF035 /* AppDelegate.swift */; };
		4CD5D5E11FBDAB98007DF035 /* ViewController.swift in Sources */ = {isa = PBXBuildFile; fileRef = 4CD5D5E01FBDAB98007DF035 /* ViewController.swift */; };
		4CD5D5E41FBDAB99007DF035 /* Main.storyboard in Resources */ = {isa = PBXBuildFile; fileRef = 4CD5D5E21FBDAB99007DF035 /* Main.storyboard */; };
		4CD5D5E71FBDAB99007DF035 /* SwiftChat_ioS.xcdatamodeld in Sources */ = {isa = PBXBuildFile; fileRef = 4CD5D5E51FBDAB99007DF035 /* SwiftChat_ioS.xcdatamodeld */; };
		4CD5D5E91FBDAB99007DF035 /* Assets.xcassets in Resources */ = {isa = PBXBuildFile; fileRef = 4CD5D5E81FBDAB99007DF035 /* Assets.xcassets */; };
		4CD5D5EC1FBDAB99007DF035 /* LaunchScreen.storyboard in Resources */ = {isa = PBXBuildFile; fileRef = 4CD5D5EA1FBDAB99007DF035 /* LaunchScreen.storyboard */; };
		4CD5D5F71FBDAB9A007DF035 /* SwiftChat_ioSTests.swift in Sources */ = {isa = PBXBuildFile; fileRef = 4CD5D5F61FBDAB9A007DF035 /* SwiftChat_ioSTests.swift */; };
		4CD5D6021FBDAB9A007DF035 /* SwiftChat_ioSUITests.swift in Sources */ = {isa = PBXBuildFile; fileRef = 4CD5D6011FBDAB9A007DF035 /* SwiftChat_ioSUITests.swift */; };
/* End PBXBuildFile section */

/* Begin PBXContainerItemProxy section */
		4CD5D5F31FBDAB9A007DF035 /* PBXContainerItemProxy */ = {
			isa = PBXContainerItemProxy;
			containerPortal = 4CD5D5D31FBDAB97007DF035 /* Project object */;
			proxyType = 1;
			remoteGlobalIDString = 4CD5D5DA1FBDAB97007DF035;
			remoteInfo = SwiftChat_ioS;
		};
		4CD5D5FE1FBDAB9A007DF035 /* PBXContainerItemProxy */ = {
			isa = PBXContainerItemProxy;
			containerPortal = 4CD5D5D31FBDAB97007DF035 /* Project object */;
			proxyType = 1;
			remoteGlobalIDString = 4CD5D5DA1FBDAB97007DF035;
			remoteInfo = SwiftChat_ioS;
		};
/* End PBXContainerItemProxy section */

/* Begin PBXFileReference section */
		4CD5D5DB1FBDAB98007DF035 /* SwiftChat_ioS.app */ = {isa = PBXFileReference; explicitFileType = wrapper.application; includeInIndex = 0; path = SwiftChat_ioS.app; sourceTree = BUILT_PRODUCTS_DIR; };
		4CD5D5DE1FBDAB98007DF035 /* AppDelegate.swift */ = {isa = PBXFileReference; lastKnownFileType = sourcecode.swift; path = AppDelegate.swift; sourceTree = "<group>"; };
		4CD5D5E01FBDAB98007DF035 /* ViewController.swift */ = {isa = PBXFileReference; lastKnownFileType = sourcecode.swift; path = ViewController.swift; sourceTree = "<group>"; };
		4CD5D5E31FBDAB99007DF035 /* Base */ = {isa = PBXFileReference; lastKnownFileType = file.storyboard; name = Base; path = Base.lproj/Main.storyboard; sourceTree = "<group>"; };
		4CD5D5E61FBDAB99007DF035 /* SwiftChat_ioS.xcdatamodel */ = {isa = PBXFileReference; lastKnownFileType = wrapper.xcdatamodel; path = SwiftChat_ioS.xcdatamodel; sourceTree = "<group>"; };
		4CD5D5E81FBDAB99007DF035 /* Assets.xcassets */ = {isa = PBXFileReference; lastKnownFileType = folder.assetcatalog; path = Assets.xcassets; sourceTree = "<group>"; };
		4CD5D5EB1FBDAB99007DF035 /* Base */ = {isa = PBXFileReference; lastKnownFileType = file.storyboard; name = Base; path = Base.lproj/LaunchScreen.storyboard; sourceTree = "<group>"; };
		4CD5D5ED1FBDAB99007DF035 /* Info.plist */ = {isa = PBXFileReference; lastKnownFileType = text.plist.xml; path = Info.plist; sourceTree = "<group>"; };
		4CD5D5F21FBDAB9A007DF035 /* SwiftChat_ioSTests.xctest */ = {isa = PBXFileReference; explicitFileType = wrapper.cfbundle; includeInIndex = 0; path = SwiftChat_ioSTests.xctest; sourceTree = BUILT_PRODUCTS_DIR; };
		4CD5D5F61FBDAB9A007DF035 /* SwiftChat_ioSTests.swift */ = {isa = PBXFileReference; lastKnownFileType = sourcecode.swift; path = SwiftChat_ioSTests.swift; sourceTree = "<group>"; };
		4CD5D5F81FBDAB9A007DF035 /* Info.plist */ = {isa = PBXFileReference; lastKnownFileType = text.plist.xml; path = Info.plist; sourceTree = "<group>"; };
		4CD5D5FD1FBDAB9A007DF035 /* SwiftChat_ioSUITests.xctest */ = {isa = PBXFileReference; explicitFileType = wrapper.cfbundle; includeInIndex = 0; path = SwiftChat_ioSUITests.xctest; sourceTree = BUILT_PRODUCTS_DIR; };
		4CD5D6011FBDAB9A007DF035 /* SwiftChat_ioSUITests.swift */ = {isa = PBXFileReference; lastKnownFileType = sourcecode.swift; path = SwiftChat_ioSUITests.swift; sourceTree = "<group>"; };
		4CD5D6031FBDAB9A007DF035 /* Info.plist */ = {isa = PBXFileReference; lastKnownFileType = text.plist.xml; path = Info.plist; sourceTree = "<group>"; };
/* End PBXFileReference section */

/* Begin PBXFrameworksBuildPhase section */
		4CD5D5D81FBDAB97007DF035 /* Frameworks */ = {
			isa = PBXFrameworksBuildPhase;
			buildActionMask = 2147483647;
			files = (
			);
			runOnlyForDeploymentPostprocessing = 0;
		};
		4CD5D5EF1FBDAB9A007DF035 /* Frameworks */ = {
			isa = PBXFrameworksBuildPhase;
			buildActionMask = 2147483647;
			files = (
			);
			runOnlyForDeploymentPostprocessing = 0;
		};
		4CD5D5FA1FBDAB9A007DF035 /* Frameworks */ = {
			isa = PBXFrameworksBuildPhase;
			buildActionMask = 2147483647;
			files = (
			);
			runOnlyForDeploymentPostprocessing = 0;
		};
/* End PBXFrameworksBuildPhase section */

/* Begin PBXGroup section */
		4CD5D5D21FBDAB97007DF035 = {
			isa = PBXGroup;
			children = (
				4CD5D5DD1FBDAB98007DF035 /* SwiftChat_ioS */,
				4CD5D5F51FBDAB9A007DF035 /* SwiftChat_ioSTests */,
				4CD5D6001FBDAB9A007DF035 /* SwiftChat_ioSUITests */,
				4CD5D5DC1FBDAB98007DF035 /* Products */,
			);
			sourceTree = "<group>";
		};
		4CD5D5DC1FBDAB98007DF035 /* Products */ = {
			isa = PBXGroup;
			children = (
				4CD5D5DB1FBDAB98007DF035 /* SwiftChat_ioS.app */,
				4CD5D5F21FBDAB9A007DF035 /* SwiftChat_ioSTests.xctest */,
				4CD5D5FD1FBDAB9A007DF035 /* SwiftChat_ioSUITests.xctest */,
			);
			name = Products;
			sourceTree = "<group>";
		};
		4CD5D5DD1FBDAB98007DF035 /* SwiftChat_ioS */ = {
			isa = PBXGroup;
			children = (
				4CD5D5DE1FBDAB98007DF035 /* AppDelegate.swift */,
				4CD5D5E01FBDAB98007DF035 /* ViewController.swift */,
				4CD5D5E21FBDAB99007DF035 /* Main.storyboard */,
				4CD5D5E81FBDAB99007DF035 /* Assets.xcassets */,
				4CD5D5EA1FBDAB99007DF035 /* LaunchScreen.storyboard */,
				4CD5D5ED1FBDAB99007DF035 /* Info.plist */,
				4CD5D5E51FBDAB99007DF035 /* SwiftChat_ioS.xcdatamodeld */,
			);
			path = SwiftChat_ioS;
			sourceTree = "<group>";
		};
		4CD5D5F51FBDAB9A007DF035 /* SwiftChat_ioSTests */ = {
			isa = PBXGroup;
			children = (
				4CD5D5F61FBDAB9A007DF035 /* SwiftChat_ioSTests.swift */,
				4CD5D5F81FBDAB9A007DF035 /* Info.plist */,
			);
			path = SwiftChat_ioSTests;
			sourceTree = "<group>";
		};
		4CD5D6001FBDAB9A007DF035 /* SwiftChat_ioSUITests */ = {
			isa = PBXGroup;
			children = (
				4CD5D6011FBDAB9A007DF035 /* SwiftChat_ioSUITests.swift */,
				4CD5D6031FBDAB9A007DF035 /* Info.plist */,
			);
			path = SwiftChat_ioSUITests;
			sourceTree = "<group>";
		};
/* End PBXGroup section */

/* Begin PBXNativeTarget section */
		4CD5D5DA1FBDAB97007DF035 /* SwiftChat_ioS */ = {
			isa = PBXNativeTarget;
			buildConfigurationList = 4CD5D6061FBDAB9A007DF035 /* Build configuration list for PBXNativeTarget "SwiftChat_ioS" */;
			buildPhases = (
				4CD5D5D71FBDAB97007DF035 /* Sources */,
				4CD5D5D81FBDAB97007DF035 /* Frameworks */,
				4CD5D5D91FBDAB97007DF035 /* Resources */,
			);
			buildRules = (
			);
			dependencies = (
			);
			name = SwiftChat_ioS;
			productName = SwiftChat_ioS;
			productReference = 4CD5D5DB1FBDAB98007DF035 /* SwiftChat_ioS.app */;
			productType = "com.apple.product-type.application";
		};
		4CD5D5F11FBDAB9A007DF035 /* SwiftChat_ioSTests */ = {
			isa = PBXNativeTarget;
			buildConfigurationList = 4CD5D6091FBDAB9A007DF035 /* Build configuration list for PBXNativeTarget "SwiftChat_ioSTests" */;
			buildPhases = (
				4CD5D5EE1FBDAB9A007DF035 /* Sources */,
				4CD5D5EF1FBDAB9A007DF035 /* Frameworks */,
				4CD5D5F01FBDAB9A007DF035 /* Resources */,
			);
			buildRules = (
			);
			dependencies = (
				4CD5D5F41FBDAB9A007DF035 /* PBXTargetDependency */,
			);
			name = SwiftChat_ioSTests;
			productName = SwiftChat_ioSTests;
			productReference = 4CD5D5F21FBDAB9A007DF035 /* SwiftChat_ioSTests.xctest */;
			productType = "com.apple.product-type.bundle.unit-test";
		};
		4CD5D5FC1FBDAB9A007DF035 /* SwiftChat_ioSUITests */ = {
			isa = PBXNativeTarget;
			buildConfigurationList = 4CD5D60C1FBDAB9A007DF035 /* Build configuration list for PBXNativeTarget "SwiftChat_ioSUITests" */;
			buildPhases = (
				4CD5D5F91FBDAB9A007DF035 /* Sources */,
				4CD5D5FA1FBDAB9A007DF035 /* Frameworks */,
				4CD5D5FB1FBDAB9A007DF035 /* Resources */,
			);
			buildRules = (
			);
			dependencies = (
				4CD5D5FF1FBDAB9A007DF035 /* PBXTargetDependency */,
			);
			name = SwiftChat_ioSUITests;
			productName = SwiftChat_ioSUITests;
			productReference = 4CD5D5FD1FBDAB9A007DF035 /* SwiftChat_ioSUITests.xctest */;
			productType = "com.apple.product-type.bundle.ui-testing";
		};
/* End PBXNativeTarget section */

/* Begin PBXProject section */
		4CD5D5D31FBDAB97007DF035 /* Project object */ = {
			isa = PBXProject;
			attributes = {
				LastSwiftUpdateCheck = 0810;
				LastUpgradeCheck = 0810;
				ORGANIZATIONNAME = Stanly;
				TargetAttributes = {
					4CD5D5DA1FBDAB97007DF035 = {
						CreatedOnToolsVersion = 8.1;
						ProvisioningStyle = Automatic;
					};
					4CD5D5F11FBDAB9A007DF035 = {
						CreatedOnToolsVersion = 8.1;
						ProvisioningStyle = Automatic;
						TestTargetID = 4CD5D5DA1FBDAB97007DF035;
					};
					4CD5D5FC1FBDAB9A007DF035 = {
						CreatedOnToolsVersion = 8.1;
						ProvisioningStyle = Automatic;
						TestTargetID = 4CD5D5DA1FBDAB97007DF035;
					};
				};
			};
			buildConfigurationList = 4CD5D5D61FBDAB97007DF035 /* Build configuration list for PBXProject "SwiftChat_ioS" */;
			compatibilityVersion = "Xcode 3.2";
			developmentRegion = English;
			hasScannedForEncodings = 0;
			knownRegions = (
				en,
				Base,
			);
			mainGroup = 4CD5D5D21FBDAB97007DF035;
			productRefGroup = 4CD5D5DC1FBDAB98007DF035 /* Products */;
			projectDirPath = "";
			projectRoot = "";
			targets = (
				4CD5D5DA1FBDAB97007DF035 /* SwiftChat_ioS */,
				4CD5D5F11FBDAB9A007DF035 /* SwiftChat_ioSTests */,
				4CD5D5FC1FBDAB9A007DF035 /* SwiftChat_ioSUITests */,
			);
		};
/* End PBXProject section */

/* Begin PBXResourcesBuildPhase section */
		4CD5D5D91FBDAB97007DF035 /* Resources */ = {
			isa = PBXResourcesBuildPhase;
			buildActionMask = 2147483647;
			files = (
				4CD5D5EC1FBDAB99007DF035 /* LaunchScreen.storyboard in Resources */,
				4CD5D5E91FBDAB99007DF035 /* Assets.xcassets in Resources */,
				4CD5D5E41FBDAB99007DF035 /* Main.storyboard in Resources */,
			);
			runOnlyForDeploymentPostprocessing = 0;
		};
		4CD5D5F01FBDAB9A007DF035 /* Resources */ = {
			isa = PBXResourcesBuildPhase;
			buildActionMask = 2147483647;
			files = (
			);
			runOnlyForDeploymentPostprocessing = 0;
		};
		4CD5D5FB1FBDAB9A007DF035 /* Resources */ = {
			isa = PBXResourcesBuildPhase;
			buildActionMask = 2147483647;
			files = (
			);
			runOnlyForDeploymentPostprocessing = 0;
		};
/* End PBXResourcesBuildPhase section */

/* Begin PBXSourcesBuildPhase section */
		4CD5D5D71FBDAB97007DF035 /* Sources */ = {
			isa = PBXSourcesBuildPhase;
			buildActionMask = 2147483647;
			files = (
				4CD5D5E11FBDAB98007DF035 /* ViewController.swift in Sources */,
				4CD5D5E71FBDAB99007DF035 /* SwiftChat_ioS.xcdatamodeld in Sources */,
				4CD5D5DF1FBDAB98007DF035 /* AppDelegate.swift in Sources */,
			);
			runOnlyForDeploymentPostprocessing = 0;
		};
		4CD5D5EE1FBDAB9A007DF035 /* Sources */ = {
			isa = PBXSourcesBuildPhase;
			buildActionMask = 2147483647;
			files = (
				4CD5D5F71FBDAB9A007DF035 /* SwiftChat_ioSTests.swift in Sources */,
			);
			runOnlyForDeploymentPostprocessing = 0;
		};
		4CD5D5F91FBDAB9A007DF035 /* Sources */ = {
			isa = PBXSourcesBuildPhase;
			buildActionMask = 2147483647;
			files = (
				4CD5D6021FBDAB9A007DF035 /* SwiftChat_ioSUITests.swift in Sources */,
			);
			runOnlyForDeploymentPostprocessing = 0;
		};
/* End PBXSourcesBuildPhase section */

/* Begin PBXTargetDependency section */
		4CD5D5F41FBDAB9A007DF035 /* PBXTargetDependency */ = {
			isa = PBXTargetDependency;
			target = 4CD5D5DA1FBDAB97007DF035 /* SwiftChat_ioS */;
			targetProxy = 4CD5D5F31FBDAB9A007DF035 /* PBXContainerItemProxy */;
		};
		4CD5D5FF1FBDAB9A007DF035 /* PBXTargetDependency */ = {
			isa = PBXTargetDependency;
			target = 4CD5D5DA1FBDAB97007DF035 /* SwiftChat_ioS */;
			targetProxy = 4CD5D5FE1FBDAB9A007DF035 /* PBXContainerItemProxy */;
		};
/* End PBXTargetDependency section */

/* Begin PBXVariantGroup section */
		4CD5D5E21FBDAB99007DF035 /* Main.storyboard */ = {
			isa = PBXVariantGroup;
			children = (
				4CD5D5E31FBDAB99007DF035 /* Base */,
			);
			name = Main.storyboard;
			sourceTree = "<group>";
		};
		4CD5D5EA1FBDAB99007DF035 /* LaunchScreen.storyboard */ = {
			isa = PBXVariantGroup;
			children = (
				4CD5D5EB1FBDAB99007DF035 /* Base */,
			);
			name = LaunchScreen.storyboard;
			sourceTree = "<group>";
		};
/* End PBXVariantGroup section */

/* Begin XCBuildConfiguration section */
		4CD5D6041FBDAB9A007DF035 /* Debug */ = {
			isa = XCBuildConfiguration;
			buildSettings = {
				ALWAYS_SEARCH_USER_PATHS = NO;
				CLANG_ANALYZER_NONNULL = YES;
				CLANG_CXX_LANGUAGE_STANDARD = "gnu++0x";
				CLANG_CXX_LIBRARY = "libc++";
				CLANG_ENABLE_MODULES = YES;
				CLANG_ENABLE_OBJC_ARC = YES;
				CLANG_WARN_BOOL_CONVERSION = YES;
				CLANG_WARN_CONSTANT_CONVERSION = YES;
				CLANG_WARN_DIRECT_OBJC_ISA_USAGE = YES_ERROR;
				CLANG_WARN_DOCUMENTATION_COMMENTS = YES;
				CLANG_WARN_EMPTY_BODY = YES;
				CLANG_WARN_ENUM_CONVERSION = YES;
				CLANG_WARN_INFINITE_RECURSION = YES;
				CLANG_WARN_INT_CONVERSION = YES;
				CLANG_WARN_OBJC_ROOT_CLASS = YES_ERROR;
				CLANG_WARN_SUSPICIOUS_MOVES = YES;
				CLANG_WARN_UNREACHABLE_CODE = YES;
				CLANG_WARN__DUPLICATE_METHOD_MATCH = YES;
				"CODE_SIGN_IDENTITY[sdk=iphoneos*]" = "iPhone Developer";
				COPY_PHASE_STRIP = NO;
				DEBUG_INFORMATION_FORMAT = dwarf;
				ENABLE_STRICT_OBJC_MSGSEND = YES;
				ENABLE_TESTABILITY = YES;
				GCC_C_LANGUAGE_STANDARD = gnu99;
				GCC_DYNAMIC_NO_PIC = NO;
				GCC_NO_COMMON_BLOCKS = YES;
				GCC_OPTIMIZATION_LEVEL = 0;
				GCC_PREPROCESSOR_DEFINITIONS = (
					"DEBUG=1",
					"$(inherited)",
				);
				GCC_WARN_64_TO_32_BIT_CONVERSION = YES;
				GCC_WARN_ABOUT_RETURN_TYPE = YES_ERROR;
				GCC_WARN_UNDECLARED_SELECTOR = YES;
				GCC_WARN_UNINITIALIZED_AUTOS = YES_AGGRESSIVE;
				GCC_WARN_UNUSED_FUNCTION = YES;
				GCC_WARN_UNUSED_VARIABLE = YES;
				IPHONEOS_DEPLOYMENT_TARGET = 10.1;
				MTL_ENABLE_DEBUG_INFO = YES;
				ONLY_ACTIVE_ARCH = YES;
				SDKROOT = iphoneos;
				SWIFT_ACTIVE_COMPILATION_CONDITIONS = DEBUG;
				SWIFT_OPTIMIZATION_LEVEL = "-Onone";
			};
			name = Debug;
		};
		4CD5D6051FBDAB9A007DF035 /* Release */ = {
			isa = XCBuildConfiguration;
			buildSettings = {
				ALWAYS_SEARCH_USER_PATHS = NO;
				CLANG_ANALYZER_NONNULL = YES;
				CLANG_CXX_LANGUAGE_STANDARD = "gnu++0x";
				CLANG_CXX_LIBRARY = "libc++";
				CLANG_ENABLE_MODULES = YES;
				CLANG_ENABLE_OBJC_ARC = YES;
				CLANG_WARN_BOOL_CONVERSION = YES;
				CLANG_WARN_CONSTANT_CONVERSION = YES;
				CLANG_WARN_DIRECT_OBJC_ISA_USAGE = YES_ERROR;
				CLANG_WARN_DOCUMENTATION_COMMENTS = YES;
				CLANG_WARN_EMPTY_BODY = YES;
				CLANG_WARN_ENUM_CONVERSION = YES;
				CLANG_WARN_INFINITE_RECURSION = YES;
				CLANG_WARN_INT_CONVERSION = YES;
				CLANG_WARN_OBJC_ROOT_CLASS = YES_ERROR;
				CLANG_WARN_SUSPICIOUS_MOVES = YES;
				CLANG_WARN_UNREACHABLE_CODE = YES;
				CLANG_WARN__DUPLICATE_METHOD_MATCH = YES;
				"CODE_SIGN_IDENTITY[sdk=iphoneos*]" = "iPhone Developer";
				COPY_PHASE_STRIP = NO;
				DEBUG_INFORMATION_FORMAT = "dwarf-with-dsym";
				ENABLE_NS_ASSERTIONS = NO;
				ENABLE_STRICT_OBJC_MSGSEND = YES;
				GCC_C_LANGUAGE_STANDARD = gnu99;
				GCC_NO_COMMON_BLOCKS = YES;
				GCC_WARN_64_TO_32_BIT_CONVERSION = YES;
				GCC_WARN_ABOUT_RETURN_TYPE = YES_ERROR;
				GCC_WARN_UNDECLARED_SELECTOR = YES;
				GCC_WARN_UNINITIALIZED_AUTOS = YES_AGGRESSIVE;
				GCC_WARN_UNUSED_FUNCTION = YES;
				GCC_WARN_UNUSED_VARIABLE = YES;
				IPHONEOS_DEPLOYMENT_TARGET = 10.1;
				MTL_ENABLE_DEBUG_INFO = NO;
				SDKROOT = iphoneos;
				SWIFT_OPTIMIZATION_LEVEL = "-Owholemodule";
				VALIDATE_PRODUCT = YES;
			};
			name = Release;
		};
		4CD5D6071FBDAB9A007DF035 /* Debug */ = {
			isa = XCBuildConfiguration;
			buildSettings = {
				ASSETCATALOG_COMPILER_APPICON_NAME = AppIcon;
				INFOPLIST_FILE = SwiftChat_ioS/Info.plist;
				LD_RUNPATH_SEARCH_PATHS = "$(inherited) @executable_path/Frameworks";
				PRODUCT_BUNDLE_IDENTIFIER = "com.stanlyjohnson.SwiftChat-ioS";
				PRODUCT_NAME = "$(TARGET_NAME)";
				SWIFT_VERSION = 3.0;
			};
			name = Debug;
		};
		4CD5D6081FBDAB9A007DF035 /* Release */ = {
			isa = XCBuildConfiguration;
			buildSettings = {
				ASSETCATALOG_COMPILER_APPICON_NAME = AppIcon;
				INFOPLIST_FILE = SwiftChat_ioS/Info.plist;
				LD_RUNPATH_SEARCH_PATHS = "$(inherited) @executable_path/Frameworks";
				PRODUCT_BUNDLE_IDENTIFIER = "com.stanlyjohnson.SwiftChat-ioS";
				PRODUCT_NAME = "$(TARGET_NAME)";
				SWIFT_VERSION = 3.0;
			};
			name = Release;
		};
		4CD5D60A1FBDAB9A007DF035 /* Debug */ = {
			isa = XCBuildConfiguration;
			buildSettings = {
				ALWAYS_EMBED_SWIFT_STANDARD_LIBRARIES = YES;
				BUNDLE_LOADER = "$(TEST_HOST)";
				INFOPLIST_FILE = SwiftChat_ioSTests/Info.plist;
				LD_RUNPATH_SEARCH_PATHS = "$(inherited) @executable_path/Frameworks @loader_path/Frameworks";
				PRODUCT_BUNDLE_IDENTIFIER = "com.stanlyjohnson.SwiftChat-ioSTests";
				PRODUCT_NAME = "$(TARGET_NAME)";
				SWIFT_VERSION = 3.0;
				TEST_HOST = "$(BUILT_PRODUCTS_DIR)/SwiftChat_ioS.app/SwiftChat_ioS";
			};
			name = Debug;
		};
		4CD5D60B1FBDAB9A007DF035 /* Release */ = {
			isa = XCBuildConfiguration;
			buildSettings = {
				ALWAYS_EMBED_SWIFT_STANDARD_LIBRARIES = YES;
				BUNDLE_LOADER = "$(TEST_HOST)";
				INFOPLIST_FILE = SwiftChat_ioSTests/Info.plist;
				LD_RUNPATH_SEARCH_PATHS = "$(inherited) @executable_path/Frameworks @loader_path/Frameworks";
				PRODUCT_BUNDLE_IDENTIFIER = "com.stanlyjohnson.SwiftChat-ioSTests";
				PRODUCT_NAME = "$(TARGET_NAME)";
				SWIFT_VERSION = 3.0;
				TEST_HOST = "$(BUILT_PRODUCTS_DIR)/SwiftChat_ioS.app/SwiftChat_ioS";
			};
			name = Release;
		};
		4CD5D60D1FBDAB9A007DF035 /* Debug */ = {
			isa = XCBuildConfiguration;
			buildSettings = {
				ALWAYS_EMBED_SWIFT_STANDARD_LIBRARIES = YES;
				INFOPLIST_FILE = SwiftChat_ioSUITests/Info.plist;
				LD_RUNPATH_SEARCH_PATHS = "$(inherited) @executable_path/Frameworks @loader_path/Frameworks";
				PRODUCT_BUNDLE_IDENTIFIER = "com.stanlyjohnson.SwiftChat-ioSUITests";
				PRODUCT_NAME = "$(TARGET_NAME)";
				SWIFT_VERSION = 3.0;
				TEST_TARGET_NAME = SwiftChat_ioS;
			};
			name = Debug;
		};
		4CD5D60E1FBDAB9A007DF035 /* Release */ = {
			isa = XCBuildConfiguration;
			buildSettings = {
				ALWAYS_EMBED_SWIFT_STANDARD_LIBRARIES = YES;
				INFOPLIST_FILE = SwiftChat_ioSUITests/Info.plist;
				LD_RUNPATH_SEARCH_PATHS = "$(inherited) @executable_path/Frameworks @loader_path/Frameworks";
				PRODUCT_BUNDLE_IDENTIFIER = "com.stanlyjohnson.SwiftChat-ioSUITests";
				PRODUCT_NAME = "$(TARGET_NAME)";
				SWIFT_VERSION = 3.0;
				TEST_TARGET_NAME = SwiftChat_ioS;
			};
			name = Release;
		};
/* End XCBuildConfiguration section */

/* Begin XCConfigurationList section */
		4CD5D5D61FBDAB97007DF035 /* Build configuration list for PBXProject "SwiftChat_ioS" */ = {
			isa = XCConfigurationList;
			buildConfigurations = (
				4CD5D6041FBDAB9A007DF035 /* Debug */,
				4CD5D6051FBDAB9A007DF035 /* Release */,
			);
			defaultConfigurationIsVisible = 0;
			defaultConfigurationName = Release;
		};
		4CD5D6061FBDAB9A007DF035 /* Build configuration list for PBXNativeTarget "SwiftChat_ioS" */ = {
			isa = XCConfigurationList;
			buildConfigurations = (
				4CD5D6071FBDAB9A007DF035 /* Debug */,
				4CD5D6081FBDAB9A007DF035 /* Release */,
			);
			defaultConfigurationIsVisible = 0;
		};
		4CD5D6091FBDAB9A007DF035 /* Build configuration list for PBXNativeTarget "SwiftChat_ioSTests" */ = {
			isa = XCConfigurationList;
			buildConfigurations = (
				4CD5D60A1FBDAB9A007DF035 /* Debug */,
				4CD5D60B1FBDAB9A007DF035 /* Release */,
			);
			defaultConfigurationIsVisible = 0;
		};
		4CD5D60C1FBDAB9A007DF035 /* Build configuration list for PBXNativeTarget "SwiftChat_ioSUITests" */ = {
			isa = XCConfigurationList;
			buildConfigurations = (
				4CD5D60D1FBDAB9A007DF035 /* Debug */,
				4CD5D60E1FBDAB9A007DF035 /* Release */,
			);
			defaultConfigurationIsVisible = 0;
		};
/* End XCConfigurationList section */

/* Begin XCVersionGroup section */
		4CD5D5E51FBDAB99007DF035 /* SwiftChat_ioS.xcdatamodeld */ = {
			isa = XCVersionGroup;
			children = (
				4CD5D5E61FBDAB99007DF035 /* SwiftChat_ioS.xcdatamodel */,
			);
			currentVersion = 4CD5D5E61FBDAB99007DF035 /* SwiftChat_ioS.xcdatamodel */;
			path = SwiftChat_ioS.xcdatamodeld;
			sourceTree = "<group>";
			versionGroupType = wrapper.xcdatamodel;
		};
/* End XCVersionGroup section */
	};
	rootObject = 4CD5D5D31FBDAB97007DF035 /* Project object */;
}
